// !$*UTF8*$!
{
	archiveVersion = 1;
	classes = {
	};
	objectVersion = 56;
	objects = {

/* Begin PBXBuildFile section */
		CB8F8E772B97520700D0F592 /* YassirMoviesApp.swift in Sources */ = {isa = PBXBuildFile; fileRef = CB8F8E762B97520700D0F592 /* YassirMoviesApp.swift */; };
		CB8F8E792B97520700D0F592 /* ContentView.swift in Sources */ = {isa = PBXBuildFile; fileRef = CB8F8E782B97520700D0F592 /* ContentView.swift */; };
		CB8F8E7B2B97520900D0F592 /* Assets.xcassets in Resources */ = {isa = PBXBuildFile; fileRef = CB8F8E7A2B97520900D0F592 /* Assets.xcassets */; };
		CB8F8E7E2B97520900D0F592 /* Preview Assets.xcassets in Resources */ = {isa = PBXBuildFile; fileRef = CB8F8E7D2B97520900D0F592 /* Preview Assets.xcassets */; };
		CB8F8E882B97520900D0F592 /* YassirMoviesTests.swift in Sources */ = {isa = PBXBuildFile; fileRef = CB8F8E872B97520900D0F592 /* YassirMoviesTests.swift */; };
		CB8F8E922B97520900D0F592 /* YassirMoviesUITests.swift in Sources */ = {isa = PBXBuildFile; fileRef = CB8F8E912B97520900D0F592 /* YassirMoviesUITests.swift */; };
		CB8F8E942B97520900D0F592 /* YassirMoviesUITestsLaunchTests.swift in Sources */ = {isa = PBXBuildFile; fileRef = CB8F8E932B97520900D0F592 /* YassirMoviesUITestsLaunchTests.swift */; };
/* End PBXBuildFile section */

/* Begin PBXContainerItemProxy section */
		CB8F8E842B97520900D0F592 /* PBXContainerItemProxy */ = {
			isa = PBXContainerItemProxy;
			containerPortal = CB8F8E6B2B97520700D0F592 /* Project object */;
			proxyType = 1;
			remoteGlobalIDString = CB8F8E722B97520700D0F592;
			remoteInfo = YassirMovies;
		};
		CB8F8E8E2B97520900D0F592 /* PBXContainerItemProxy */ = {
			isa = PBXContainerItemProxy;
			containerPortal = CB8F8E6B2B97520700D0F592 /* Project object */;
			proxyType = 1;
			remoteGlobalIDString = CB8F8E722B97520700D0F592;
			remoteInfo = YassirMovies;
		};
/* End PBXContainerItemProxy section */

/* Begin PBXFileReference section */
		CB8F8E732B97520700D0F592 /* YassirMovies.app */ = {isa = PBXFileReference; explicitFileType = wrapper.application; includeInIndex = 0; path = YassirMovies.app; sourceTree = BUILT_PRODUCTS_DIR; };
		CB8F8E762B97520700D0F592 /* YassirMoviesApp.swift */ = {isa = PBXFileReference; lastKnownFileType = sourcecode.swift; path = YassirMoviesApp.swift; sourceTree = "<group>"; };
		CB8F8E782B97520700D0F592 /* ContentView.swift */ = {isa = PBXFileReference; lastKnownFileType = sourcecode.swift; path = ContentView.swift; sourceTree = "<group>"; };
		CB8F8E7A2B97520900D0F592 /* Assets.xcassets */ = {isa = PBXFileReference; lastKnownFileType = folder.assetcatalog; path = Assets.xcassets; sourceTree = "<group>"; };
		CB8F8E7D2B97520900D0F592 /* Preview Assets.xcassets */ = {isa = PBXFileReference; lastKnownFileType = folder.assetcatalog; path = "Preview Assets.xcassets"; sourceTree = "<group>"; };
		CB8F8E832B97520900D0F592 /* YassirMoviesTests.xctest */ = {isa = PBXFileReference; explicitFileType = wrapper.cfbundle; includeInIndex = 0; path = YassirMoviesTests.xctest; sourceTree = BUILT_PRODUCTS_DIR; };
		CB8F8E872B97520900D0F592 /* YassirMoviesTests.swift */ = {isa = PBXFileReference; lastKnownFileType = sourcecode.swift; path = YassirMoviesTests.swift; sourceTree = "<group>"; };
		CB8F8E8D2B97520900D0F592 /* YassirMoviesUITests.xctest */ = {isa = PBXFileReference; explicitFileType = wrapper.cfbundle; includeInIndex = 0; path = YassirMoviesUITests.xctest; sourceTree = BUILT_PRODUCTS_DIR; };
		CB8F8E912B97520900D0F592 /* YassirMoviesUITests.swift */ = {isa = PBXFileReference; lastKnownFileType = sourcecode.swift; path = YassirMoviesUITests.swift; sourceTree = "<group>"; };
		CB8F8E932B97520900D0F592 /* YassirMoviesUITestsLaunchTests.swift */ = {isa = PBXFileReference; lastKnownFileType = sourcecode.swift; path = YassirMoviesUITestsLaunchTests.swift; sourceTree = "<group>"; };
/* End PBXFileReference section */

/* Begin PBXFrameworksBuildPhase section */
		CB8F8E702B97520700D0F592 /* Frameworks */ = {
			isa = PBXFrameworksBuildPhase;
			buildActionMask = 2147483647;
			files = (
			);
			runOnlyForDeploymentPostprocessing = 0;
		};
		CB8F8E802B97520900D0F592 /* Frameworks */ = {
			isa = PBXFrameworksBuildPhase;
			buildActionMask = 2147483647;
			files = (
			);
			runOnlyForDeploymentPostprocessing = 0;
		};
		CB8F8E8A2B97520900D0F592 /* Frameworks */ = {
			isa = PBXFrameworksBuildPhase;
			buildActionMask = 2147483647;
			files = (
			);
			runOnlyForDeploymentPostprocessing = 0;
		};
/* End PBXFrameworksBuildPhase section */

/* Begin PBXGroup section */
		CB8F8E6A2B97520700D0F592 = {
			isa = PBXGroup;
			children = (
				CB8F8E752B97520700D0F592 /* YassirMovies */,
				CB8F8E862B97520900D0F592 /* YassirMoviesTests */,
				CB8F8E902B97520900D0F592 /* YassirMoviesUITests */,
				CB8F8E742B97520700D0F592 /* Products */,
			);
			sourceTree = "<group>";
		};
		CB8F8E742B97520700D0F592 /* Products */ = {
			isa = PBXGroup;
			children = (
				CB8F8E732B97520700D0F592 /* YassirMovies.app */,
				CB8F8E832B97520900D0F592 /* YassirMoviesTests.xctest */,
				CB8F8E8D2B97520900D0F592 /* YassirMoviesUITests.xctest */,
			);
			name = Products;
			sourceTree = "<group>";
		};
		CB8F8E752B97520700D0F592 /* YassirMovies */ = {
			isa = PBXGroup;
			children = (
				CB8F8E762B97520700D0F592 /* YassirMoviesApp.swift */,
				CB8F8E782B97520700D0F592 /* ContentView.swift */,
				CB8F8E7A2B97520900D0F592 /* Assets.xcassets */,
				CB8F8E7C2B97520900D0F592 /* Preview Content */,
			);
			path = YassirMovies;
			sourceTree = "<group>";
		};
		CB8F8E7C2B97520900D0F592 /* Preview Content */ = {
			isa = PBXGroup;
			children = (
				CB8F8E7D2B97520900D0F592 /* Preview Assets.xcassets */,
			);
			path = "Preview Content";
			sourceTree = "<group>";
		};
		CB8F8E862B97520900D0F592 /* YassirMoviesTests */ = {
			isa = PBXGroup;
			children = (
				CB8F8E872B97520900D0F592 /* YassirMoviesTests.swift */,
			);
			path = YassirMoviesTests;
			sourceTree = "<group>";
		};
		CB8F8E902B97520900D0F592 /* YassirMoviesUITests */ = {
			isa = PBXGroup;
			children = (
				CB8F8E912B97520900D0F592 /* YassirMoviesUITests.swift */,
				CB8F8E932B97520900D0F592 /* YassirMoviesUITestsLaunchTests.swift */,
			);
			path = YassirMoviesUITests;
			sourceTree = "<group>";
		};
/* End PBXGroup section */

/* Begin PBXNativeTarget section */
		CB8F8E722B97520700D0F592 /* YassirMovies */ = {
			isa = PBXNativeTarget;
			buildConfigurationList = CB8F8E972B97520900D0F592 /* Build configuration list for PBXNativeTarget "YassirMovies" */;
			buildPhases = (
				CB8F8E6F2B97520700D0F592 /* Sources */,
				CB8F8E702B97520700D0F592 /* Frameworks */,
				CB8F8E712B97520700D0F592 /* Resources */,
			);
			buildRules = (
			);
			dependencies = (
			);
			name = YassirMovies;
			productName = YassirMovies;
			productReference = CB8F8E732B97520700D0F592 /* YassirMovies.app */;
			productType = "com.apple.product-type.application";
		};
		CB8F8E822B97520900D0F592 /* YassirMoviesTests */ = {
			isa = PBXNativeTarget;
			buildConfigurationList = CB8F8E9A2B97520900D0F592 /* Build configuration list for PBXNativeTarget "YassirMoviesTests" */;
			buildPhases = (
				CB8F8E7F2B97520900D0F592 /* Sources */,
				CB8F8E802B97520900D0F592 /* Frameworks */,
				CB8F8E812B97520900D0F592 /* Resources */,
			);
			buildRules = (
			);
			dependencies = (
				CB8F8E852B97520900D0F592 /* PBXTargetDependency */,
			);
			name = YassirMoviesTests;
			productName = YassirMoviesTests;
			productReference = CB8F8E832B97520900D0F592 /* YassirMoviesTests.xctest */;
			productType = "com.apple.product-type.bundle.unit-test";
		};
		CB8F8E8C2B97520900D0F592 /* YassirMoviesUITests */ = {
			isa = PBXNativeTarget;
			buildConfigurationList = CB8F8E9D2B97520900D0F592 /* Build configuration list for PBXNativeTarget "YassirMoviesUITests" */;
			buildPhases = (
				CB8F8E892B97520900D0F592 /* Sources */,
				CB8F8E8A2B97520900D0F592 /* Frameworks */,
				CB8F8E8B2B97520900D0F592 /* Resources */,
			);
			buildRules = (
			);
			dependencies = (
				CB8F8E8F2B97520900D0F592 /* PBXTargetDependency */,
			);
			name = YassirMoviesUITests;
			productName = YassirMoviesUITests;
			productReference = CB8F8E8D2B97520900D0F592 /* YassirMoviesUITests.xctest */;
			productType = "com.apple.product-type.bundle.ui-testing";
		};
/* End PBXNativeTarget section */

/* Begin PBXProject section */
		CB8F8E6B2B97520700D0F592 /* Project object */ = {
			isa = PBXProject;
			attributes = {
				BuildIndependentTargetsInParallel = 1;
				LastSwiftUpdateCheck = 1520;
				LastUpgradeCheck = 1520;
				TargetAttributes = {
					CB8F8E722B97520700D0F592 = {
						CreatedOnToolsVersion = 15.2;
					};
					CB8F8E822B97520900D0F592 = {
						CreatedOnToolsVersion = 15.2;
						TestTargetID = CB8F8E722B97520700D0F592;
					};
					CB8F8E8C2B97520900D0F592 = {
						CreatedOnToolsVersion = 15.2;
						TestTargetID = CB8F8E722B97520700D0F592;
					};
				};
			};
			buildConfigurationList = CB8F8E6E2B97520700D0F592 /* Build configuration list for PBXProject "YassirMovies" */;
			compatibilityVersion = "Xcode 14.0";
			developmentRegion = en;
			hasScannedForEncodings = 0;
			knownRegions = (
				en,
				Base,
			);
			mainGroup = CB8F8E6A2B97520700D0F592;
			productRefGroup = CB8F8E742B97520700D0F592 /* Products */;
			projectDirPath = "";
			projectRoot = "";
			targets = (
				CB8F8E722B97520700D0F592 /* YassirMovies */,
				CB8F8E822B97520900D0F592 /* YassirMoviesTests */,
				CB8F8E8C2B97520900D0F592 /* YassirMoviesUITests */,
			);
		};
/* End PBXProject section */

/* Begin PBXResourcesBuildPhase section */
		CB8F8E712B97520700D0F592 /* Resources */ = {
			isa = PBXResourcesBuildPhase;
			buildActionMask = 2147483647;
			files = (
				CB8F8E7E2B97520900D0F592 /* Preview Assets.xcassets in Resources */,
				CB8F8E7B2B97520900D0F592 /* Assets.xcassets in Resources */,
			);
			runOnlyForDeploymentPostprocessing = 0;
		};
		CB8F8E812B97520900D0F592 /* Resources */ = {
			isa = PBXResourcesBuildPhase;
			buildActionMask = 2147483647;
			files = (
			);
			runOnlyForDeploymentPostprocessing = 0;
		};
		CB8F8E8B2B97520900D0F592 /* Resources */ = {
			isa = PBXResourcesBuildPhase;
			buildActionMask = 2147483647;
			files = (
			);
			runOnlyForDeploymentPostprocessing = 0;
		};
/* End PBXResourcesBuildPhase section */

/* Begin PBXSourcesBuildPhase section */
		CB8F8E6F2B97520700D0F592 /* Sources */ = {
			isa = PBXSourcesBuildPhase;
			buildActionMask = 2147483647;
			files = (
				CB8F8E792B97520700D0F592 /* ContentView.swift in Sources */,
				CB8F8E772B97520700D0F592 /* YassirMoviesApp.swift in Sources */,
			);
			runOnlyForDeploymentPostprocessing = 0;
		};
		CB8F8E7F2B97520900D0F592 /* Sources */ = {
			isa = PBXSourcesBuildPhase;
			buildActionMask = 2147483647;
			files = (
				CB8F8E882B97520900D0F592 /* YassirMoviesTests.swift in Sources */,
			);
			runOnlyForDeploymentPostprocessing = 0;
		};
		CB8F8E892B97520900D0F592 /* Sources */ = {
			isa = PBXSourcesBuildPhase;
			buildActionMask = 2147483647;
			files = (
				CB8F8E942B97520900D0F592 /* YassirMoviesUITestsLaunchTests.swift in Sources */,
				CB8F8E922B97520900D0F592 /* YassirMoviesUITests.swift in Sources */,
			);
			runOnlyForDeploymentPostprocessing = 0;
		};
/* End PBXSourcesBuildPhase section */

/* Begin PBXTargetDependency section */
		CB8F8E852B97520900D0F592 /* PBXTargetDependency */ = {
			isa = PBXTargetDependency;
			target = CB8F8E722B97520700D0F592 /* YassirMovies */;
			targetProxy = CB8F8E842B97520900D0F592 /* PBXContainerItemProxy */;
		};
		CB8F8E8F2B97520900D0F592 /* PBXTargetDependency */ = {
			isa = PBXTargetDependency;
			target = CB8F8E722B97520700D0F592 /* YassirMovies */;
			targetProxy = CB8F8E8E2B97520900D0F592 /* PBXContainerItemProxy */;
		};
/* End PBXTargetDependency section */

/* Begin XCBuildConfiguration section */
		CB8F8E952B97520900D0F592 /* Debug */ = {
			isa = XCBuildConfiguration;
			buildSettings = {
				ALWAYS_SEARCH_USER_PATHS = NO;
				ASSETCATALOG_COMPILER_GENERATE_SWIFT_ASSET_SYMBOL_EXTENSIONS = YES;
				CLANG_ANALYZER_NONNULL = YES;
				CLANG_ANALYZER_NUMBER_OBJECT_CONVERSION = YES_AGGRESSIVE;
				CLANG_CXX_LANGUAGE_STANDARD = "gnu++20";
				CLANG_ENABLE_MODULES = YES;
				CLANG_ENABLE_OBJC_ARC = YES;
				CLANG_ENABLE_OBJC_WEAK = YES;
				CLANG_WARN_BLOCK_CAPTURE_AUTORELEASING = YES;
				CLANG_WARN_BOOL_CONVERSION = YES;
				CLANG_WARN_COMMA = YES;
				CLANG_WARN_CONSTANT_CONVERSION = YES;
				CLANG_WARN_DEPRECATED_OBJC_IMPLEMENTATIONS = YES;
				CLANG_WARN_DIRECT_OBJC_ISA_USAGE = YES_ERROR;
				CLANG_WARN_DOCUMENTATION_COMMENTS = YES;
				CLANG_WARN_EMPTY_BODY = YES;
				CLANG_WARN_ENUM_CONVERSION = YES;
				CLANG_WARN_INFINITE_RECURSION = YES;
				CLANG_WARN_INT_CONVERSION = YES;
				CLANG_WARN_NON_LITERAL_NULL_CONVERSION = YES;
				CLANG_WARN_OBJC_IMPLICIT_RETAIN_SELF = YES;
				CLANG_WARN_OBJC_LITERAL_CONVERSION = YES;
				CLANG_WARN_OBJC_ROOT_CLASS = YES_ERROR;
				CLANG_WARN_QUOTED_INCLUDE_IN_FRAMEWORK_HEADER = YES;
				CLANG_WARN_RANGE_LOOP_ANALYSIS = YES;
				CLANG_WARN_STRICT_PROTOTYPES = YES;
				CLANG_WARN_SUSPICIOUS_MOVE = YES;
				CLANG_WARN_UNGUARDED_AVAILABILITY = YES_AGGRESSIVE;
				CLANG_WARN_UNREACHABLE_CODE = YES;
				CLANG_WARN__DUPLICATE_METHOD_MATCH = YES;
				COPY_PHASE_STRIP = NO;
				DEBUG_INFORMATION_FORMAT = dwarf;
				ENABLE_STRICT_OBJC_MSGSEND = YES;
				ENABLE_TESTABILITY = YES;
				ENABLE_USER_SCRIPT_SANDBOXING = YES;
				GCC_C_LANGUAGE_STANDARD = gnu17;
				GCC_DYNAMIC_NO_PIC = NO;
				GCC_NO_COMMON_BLOCKS = YES;
				GCC_OPTIMIZATION_LEVEL = 0;
				GCC_PREPROCESSOR_DEFINITIONS = (
					"DEBUG=1",
					"$(inherited)",
				);
				GCC_WARN_64_TO_32_BIT_CONVERSION = YES;
				GCC_WARN_ABOUT_RETURN_TYPE = YES_ERROR;
				GCC_WARN_UNDECLARED_SELECTOR = YES;
				GCC_WARN_UNINITIALIZED_AUTOS = YES_AGGRESSIVE;
				GCC_WARN_UNUSED_FUNCTION = YES;
				GCC_WARN_UNUSED_VARIABLE = YES;
				IPHONEOS_DEPLOYMENT_TARGET = 17.2;
				LOCALIZATION_PREFERS_STRING_CATALOGS = YES;
				MTL_ENABLE_DEBUG_INFO = INCLUDE_SOURCE;
				MTL_FAST_MATH = YES;
				ONLY_ACTIVE_ARCH = YES;
				SDKROOT = iphoneos;
				SWIFT_ACTIVE_COMPILATION_CONDITIONS = "DEBUG $(inherited)";
				SWIFT_OPTIMIZATION_LEVEL = "-Onone";
			};
			name = Debug;
		};
		CB8F8E962B97520900D0F592 /* Release */ = {
			isa = XCBuildConfiguration;
			buildSettings = {
				ALWAYS_SEARCH_USER_PATHS = NO;
				ASSETCATALOG_COMPILER_GENERATE_SWIFT_ASSET_SYMBOL_EXTENSIONS = YES;
				CLANG_ANALYZER_NONNULL = YES;
				CLANG_ANALYZER_NUMBER_OBJECT_CONVERSION = YES_AGGRESSIVE;
				CLANG_CXX_LANGUAGE_STANDARD = "gnu++20";
				CLANG_ENABLE_MODULES = YES;
				CLANG_ENABLE_OBJC_ARC = YES;
				CLANG_ENABLE_OBJC_WEAK = YES;
				CLANG_WARN_BLOCK_CAPTURE_AUTORELEASING = YES;
				CLANG_WARN_BOOL_CONVERSION = YES;
				CLANG_WARN_COMMA = YES;
				CLANG_WARN_CONSTANT_CONVERSION = YES;
				CLANG_WARN_DEPRECATED_OBJC_IMPLEMENTATIONS = YES;
				CLANG_WARN_DIRECT_OBJC_ISA_USAGE = YES_ERROR;
				CLANG_WARN_DOCUMENTATION_COMMENTS = YES;
				CLANG_WARN_EMPTY_BODY = YES;
				CLANG_WARN_ENUM_CONVERSION = YES;
				CLANG_WARN_INFINITE_RECURSION = YES;
				CLANG_WARN_INT_CONVERSION = YES;
				CLANG_WARN_NON_LITERAL_NULL_CONVERSION = YES;
				CLANG_WARN_OBJC_IMPLICIT_RETAIN_SELF = YES;
				CLANG_WARN_OBJC_LITERAL_CONVERSION = YES;
				CLANG_WARN_OBJC_ROOT_CLASS = YES_ERROR;
				CLANG_WARN_QUOTED_INCLUDE_IN_FRAMEWORK_HEADER = YES;
				CLANG_WARN_RANGE_LOOP_ANALYSIS = YES;
				CLANG_WARN_STRICT_PROTOTYPES = YES;
				CLANG_WARN_SUSPICIOUS_MOVE = YES;
				CLANG_WARN_UNGUARDED_AVAILABILITY = YES_AGGRESSIVE;
				CLANG_WARN_UNREACHABLE_CODE = YES;
				CLANG_WARN__DUPLICATE_METHOD_MATCH = YES;
				COPY_PHASE_STRIP = NO;
				DEBUG_INFORMATION_FORMAT = "dwarf-with-dsym";
				ENABLE_NS_ASSERTIONS = NO;
				ENABLE_STRICT_OBJC_MSGSEND = YES;
				ENABLE_USER_SCRIPT_SANDBOXING = YES;
				GCC_C_LANGUAGE_STANDARD = gnu17;
				GCC_NO_COMMON_BLOCKS = YES;
				GCC_WARN_64_TO_32_BIT_CONVERSION = YES;
				GCC_WARN_ABOUT_RETURN_TYPE = YES_ERROR;
				GCC_WARN_UNDECLARED_SELECTOR = YES;
				GCC_WARN_UNINITIALIZED_AUTOS = YES_AGGRESSIVE;
				GCC_WARN_UNUSED_FUNCTION = YES;
				GCC_WARN_UNUSED_VARIABLE = YES;
				IPHONEOS_DEPLOYMENT_TARGET = 17.2;
				LOCALIZATION_PREFERS_STRING_CATALOGS = YES;
				MTL_ENABLE_DEBUG_INFO = NO;
				MTL_FAST_MATH = YES;
				SDKROOT = iphoneos;
				SWIFT_COMPILATION_MODE = wholemodule;
				VALIDATE_PRODUCT = YES;
			};
			name = Release;
		};
		CB8F8E982B97520900D0F592 /* Debug */ = {
			isa = XCBuildConfiguration;
			buildSettings = {
				ASSETCATALOG_COMPILER_APPICON_NAME = AppIcon;
				ASSETCATALOG_COMPILER_GLOBAL_ACCENT_COLOR_NAME = AccentColor;
				CODE_SIGN_STYLE = Automatic;
				CURRENT_PROJECT_VERSION = 1;
				DEVELOPMENT_ASSET_PATHS = "\"YassirMovies/Preview Content\"";
				ENABLE_PREVIEWS = YES;
				GENERATE_INFOPLIST_FILE = YES;
				INFOPLIST_KEY_UIApplicationSceneManifest_Generation = YES;
				INFOPLIST_KEY_UIApplicationSupportsIndirectInputEvents = YES;
				INFOPLIST_KEY_UILaunchScreen_Generation = YES;
				INFOPLIST_KEY_UISupportedInterfaceOrientations_iPad = "UIInterfaceOrientationPortrait UIInterfaceOrientationPortraitUpsideDown UIInterfaceOrientationLandscapeLeft UIInterfaceOrientationLandscapeRight";
				INFOPLIST_KEY_UISupportedInterfaceOrientations_iPhone = "UIInterfaceOrientationPortrait UIInterfaceOrientationLandscapeLeft UIInterfaceOrientationLandscapeRight";
				LD_RUNPATH_SEARCH_PATHS = (
					"$(inherited)",
					"@executable_path/Frameworks",
				);
				MARKETING_VERSION = 1.0;
				PRODUCT_BUNDLE_IDENTIFIER = com.pietromessineo.YassirMovies;
				PRODUCT_NAME = "$(TARGET_NAME)";
				SWIFT_EMIT_LOC_STRINGS = YES;
				SWIFT_VERSION = 5.0;
				TARGETED_DEVICE_FAMILY = "1,2";
			};
			name = Debug;
		};
		CB8F8E992B97520900D0F592 /* Release */ = {
			isa = XCBuildConfiguration;
			buildSettings = {
				ASSETCATALOG_COMPILER_APPICON_NAME = AppIcon;
				ASSETCATALOG_COMPILER_GLOBAL_ACCENT_COLOR_NAME = AccentColor;
				CODE_SIGN_STYLE = Automatic;
				CURRENT_PROJECT_VERSION = 1;
				DEVELOPMENT_ASSET_PATHS = "\"YassirMovies/Preview Content\"";
				ENABLE_PREVIEWS = YES;
				GENERATE_INFOPLIST_FILE = YES;
				INFOPLIST_KEY_UIApplicationSceneManifest_Generation = YES;
				INFOPLIST_KEY_UIApplicationSupportsIndirectInputEvents = YES;
				INFOPLIST_KEY_UILaunchScreen_Generation = YES;
				INFOPLIST_KEY_UISupportedInterfaceOrientations_iPad = "UIInterfaceOrientationPortrait UIInterfaceOrientationPortraitUpsideDown UIInterfaceOrientationLandscapeLeft UIInterfaceOrientationLandscapeRight";
				INFOPLIST_KEY_UISupportedInterfaceOrientations_iPhone = "UIInterfaceOrientationPortrait UIInterfaceOrientationLandscapeLeft UIInterfaceOrientationLandscapeRight";
				LD_RUNPATH_SEARCH_PATHS = (
					"$(inherited)",
					"@executable_path/Frameworks",
				);
				MARKETING_VERSION = 1.0;
				PRODUCT_BUNDLE_IDENTIFIER = com.pietromessineo.YassirMovies;
				PRODUCT_NAME = "$(TARGET_NAME)";
				SWIFT_EMIT_LOC_STRINGS = YES;
				SWIFT_VERSION = 5.0;
				TARGETED_DEVICE_FAMILY = "1,2";
			};
			name = Release;
		};
		CB8F8E9B2B97520900D0F592 /* Debug */ = {
			isa = XCBuildConfiguration;
			buildSettings = {
				ALWAYS_EMBED_SWIFT_STANDARD_LIBRARIES = YES;
				BUNDLE_LOADER = "$(TEST_HOST)";
				CODE_SIGN_STYLE = Automatic;
				CURRENT_PROJECT_VERSION = 1;
				GENERATE_INFOPLIST_FILE = YES;
				IPHONEOS_DEPLOYMENT_TARGET = 17.2;
				MARKETING_VERSION = 1.0;
				PRODUCT_BUNDLE_IDENTIFIER = com.pietromessineo.YassirMoviesTests;
				PRODUCT_NAME = "$(TARGET_NAME)";
				SWIFT_EMIT_LOC_STRINGS = NO;
				SWIFT_VERSION = 5.0;
				TARGETED_DEVICE_FAMILY = "1,2";
				TEST_HOST = "$(BUILT_PRODUCTS_DIR)/YassirMovies.app/$(BUNDLE_EXECUTABLE_FOLDER_PATH)/YassirMovies";
			};
			name = Debug;
		};
		CB8F8E9C2B97520900D0F592 /* Release */ = {
			isa = XCBuildConfiguration;
			buildSettings = {
				ALWAYS_EMBED_SWIFT_STANDARD_LIBRARIES = YES;
				BUNDLE_LOADER = "$(TEST_HOST)";
				CODE_SIGN_STYLE = Automatic;
				CURRENT_PROJECT_VERSION = 1;
				GENERATE_INFOPLIST_FILE = YES;
				IPHONEOS_DEPLOYMENT_TARGET = 17.2;
				MARKETING_VERSION = 1.0;
				PRODUCT_BUNDLE_IDENTIFIER = com.pietromessineo.YassirMoviesTests;
				PRODUCT_NAME = "$(TARGET_NAME)";
				SWIFT_EMIT_LOC_STRINGS = NO;
				SWIFT_VERSION = 5.0;
				TARGETED_DEVICE_FAMILY = "1,2";
				TEST_HOST = "$(BUILT_PRODUCTS_DIR)/YassirMovies.app/$(BUNDLE_EXECUTABLE_FOLDER_PATH)/YassirMovies";
			};
			name = Release;
		};
		CB8F8E9E2B97520900D0F592 /* Debug */ = {
			isa = XCBuildConfiguration;
			buildSettings = {
				ALWAYS_EMBED_SWIFT_STANDARD_LIBRARIES = YES;
				CODE_SIGN_STYLE = Automatic;
				CURRENT_PROJECT_VERSION = 1;
				GENERATE_INFOPLIST_FILE = YES;
				MARKETING_VERSION = 1.0;
				PRODUCT_BUNDLE_IDENTIFIER = com.pietromessineo.YassirMoviesUITests;
				PRODUCT_NAME = "$(TARGET_NAME)";
				SWIFT_EMIT_LOC_STRINGS = NO;
				SWIFT_VERSION = 5.0;
				TARGETED_DEVICE_FAMILY = "1,2";
				TEST_TARGET_NAME = YassirMovies;
			};
			name = Debug;
		};
		CB8F8E9F2B97520900D0F592 /* Release */ = {
			isa = XCBuildConfiguration;
			buildSettings = {
				ALWAYS_EMBED_SWIFT_STANDARD_LIBRARIES = YES;
				CODE_SIGN_STYLE = Automatic;
				CURRENT_PROJECT_VERSION = 1;
				GENERATE_INFOPLIST_FILE = YES;
				MARKETING_VERSION = 1.0;
				PRODUCT_BUNDLE_IDENTIFIER = com.pietromessineo.YassirMoviesUITests;
				PRODUCT_NAME = "$(TARGET_NAME)";
				SWIFT_EMIT_LOC_STRINGS = NO;
				SWIFT_VERSION = 5.0;
				TARGETED_DEVICE_FAMILY = "1,2";
				TEST_TARGET_NAME = YassirMovies;
			};
			name = Release;
		};
/* End XCBuildConfiguration section */

/* Begin XCConfigurationList section */
		CB8F8E6E2B97520700D0F592 /* Build configuration list for PBXProject "YassirMovies" */ = {
			isa = XCConfigurationList;
			buildConfigurations = (
				CB8F8E952B97520900D0F592 /* Debug */,
				CB8F8E962B97520900D0F592 /* Release */,
			);
			defaultConfigurationIsVisible = 0;
			defaultConfigurationName = Release;
		};
		CB8F8E972B97520900D0F592 /* Build configuration list for PBXNativeTarget "YassirMovies" */ = {
			isa = XCConfigurationList;
			buildConfigurations = (
				CB8F8E982B97520900D0F592 /* Debug */,
				CB8F8E992B97520900D0F592 /* Release */,
			);
			defaultConfigurationIsVisible = 0;
			defaultConfigurationName = Release;
		};
		CB8F8E9A2B97520900D0F592 /* Build configuration list for PBXNativeTarget "YassirMoviesTests" */ = {
			isa = XCConfigurationList;
			buildConfigurations = (
				CB8F8E9B2B97520900D0F592 /* Debug */,
				CB8F8E9C2B97520900D0F592 /* Release */,
			);
			defaultConfigurationIsVisible = 0;
			defaultConfigurationName = Release;
		};
		CB8F8E9D2B97520900D0F592 /* Build configuration list for PBXNativeTarget "YassirMoviesUITests" */ = {
			isa = XCConfigurationList;
			buildConfigurations = (
				CB8F8E9E2B97520900D0F592 /* Debug */,
				CB8F8E9F2B97520900D0F592 /* Release */,
			);
			defaultConfigurationIsVisible = 0;
			defaultConfigurationName = Release;
		};
/* End XCConfigurationList section */
	};
	rootObject = CB8F8E6B2B97520700D0F592 /* Project object */;
}
