{
  "originHash" : "db1cd73853eb11c3561b2d30540a9cf847c5ddcc84bb1d4596e7a7e5f5e33f7d",
  "pins" : [
    {
      "identity" : "yassircomponentspackage",
      "kind" : "remoteSourceControl",
      "location" : "https://github.com/PietroMessineo/YassirComponentsPackage.git",
      "state" : {
        "branch" : "main",
        "revision" : "50e75d4fc804bd2926dfd37bf4c1a08be8aad835"
      }
    },
    {
      "identity" : "yassirmodelpackage",
      "kind" : "remoteSourceControl",
      "location" : "https://github.com/PietroMessineo/YassirModelPackage.git",
      "state" : {
        "branch" : "main",
        "revision" : "12e165d7f2735237998d0a4e890554bd70e728a6"
      }
    }
  ],
  "version" : 3
}
