{
  "originHash" : "db1cd73853eb11c3561b2d30540a9cf847c5ddcc84bb1d4596e7a7e5f5e33f7d",
  "pins" : [
    {
      "identity" : "yassircomponentspackage",
      "kind" : "remoteSourceControl",
      "location" : "https://github.com/PietroMessineo/YassirComponentsPackage.git",
      "state" : {
        "branch" : "main",
        "revision" : "ed3b65f5dbe36491f741328fb3d2b6fb59334424"
      }
    },
    {
      "identity" : "yassirmodelpackage",
      "kind" : "remoteSourceControl",
      "location" : "https://github.com/PietroMessineo/YassirModelPackage.git",
      "state" : {
        "branch" : "main",
        "revision" : "f826011e6fdeed671ac5912e16f081b160bcc929"
      }
    }
  ],
  "version" : 3
}
