{
  "pins" : [
    {
      "identity" : "yassircomponentspackage",
      "kind" : "remoteSourceControl",
      "location" : "https://github.com/PietroMessineo/YassirComponentsPackage.git",
      "state" : {
        "branch" : "main",
        "revision" : "ed3b65f5dbe36491f741328fb3d2b6fb59334424"
      }
    },
    {
      "identity" : "yassirmodelpackage",
      "kind" : "remoteSourceControl",
      "location" : "https://github.com/PietroMessineo/YassirModelPackage.git",
      "state" : {
        "branch" : "main",
        "revision" : "f826011e6fdeed671ac5912e16f081b160bcc929"
      }
    }
  ],
  "version" : 2
}
